Microsoft Visual Studio Solution File, Format Version 12.00
# Visual Studio 2012
Project("{FAE04EC0-301F-11D3-BF4B-00C04F79EFBC}") = "First game in godot", "First game in godot.csproj", "{ED8C40A9-03C2-47BC-87E3-53F69318D1CE}"
EndProject
Global
	GlobalSection(SolutionConfigurationPlatforms) = preSolution
	Debug|Any CPU = Debug|Any CPU
	ExportDebug|Any CPU = ExportDebug|Any CPU
	ExportRelease|Any CPU = ExportRelease|Any CPU
	EndGlobalSection
	GlobalSection(ProjectConfigurationPlatforms) = postSolution
		{ED8C40A9-03C2-47BC-87E3-53F69318D1CE}.Debug|Any CPU.ActiveCfg = Debug|Any CPU
		{ED8C40A9-03C2-47BC-87E3-53F69318D1CE}.Debug|Any CPU.Build.0 = Debug|Any CPU
		{ED8C40A9-03C2-47BC-87E3-53F69318D1CE}.ExportDebug|Any CPU.ActiveCfg = ExportDebug|Any CPU
		{ED8C40A9-03C2-47BC-87E3-53F69318D1CE}.ExportDebug|Any CPU.Build.0 = ExportDebug|Any CPU
		{ED8C40A9-03C2-47BC-87E3-53F69318D1CE}.ExportRelease|Any CPU.ActiveCfg = ExportRelease|Any CPU
		{ED8C40A9-03C2-47BC-87E3-53F69318D1CE}.ExportRelease|Any CPU.Build.0 = ExportRelease|Any CPU
	EndGlobalSection
EndGlobal
